// !$*UTF8*$!
{
	archiveVersion = 1;
	classes = {
	};
	objectVersion = 77;
	objects = {

/* Begin PBXBuildFile section */
		9F2DB3122D9EBA8700317604 /* quran_emotions_cleaned_2.csv in Resources */ = {isa = PBXBuildFile; fileRef = 9F2DB3112D9EBA8700317604 /* quran_emotions_cleaned_2.csv */; };
/* End PBXBuildFile section */

/* Begin PBXContainerItemProxy section */
		9F2DB2E62D9EB9BA00317604 /* PBXContainerItemProxy */ = {
			isa = PBXContainerItemProxy;
			containerPortal = 9F2DB2CD2D9EB9B900317604 /* Project object */;
			proxyType = 1;
			remoteGlobalIDString = 9F2DB2D42D9EB9B900317604;
			remoteInfo = QuranicJarNative;
		};
		9F2DB2F02D9EB9BA00317604 /* PBXContainerItemProxy */ = {
			isa = PBXContainerItemProxy;
			containerPortal = 9F2DB2CD2D9EB9B900317604 /* Project object */;
			proxyType = 1;
			remoteGlobalIDString = 9F2DB2D42D9EB9B900317604;
			remoteInfo = QuranicJarNative;
		};
/* End PBXContainerItemProxy section */

/* Begin PBXFileReference section */
		9F2DB2D52D9EB9B900317604 /* QuranicJarNative.app */ = {isa = PBXFileReference; explicitFileType = wrapper.application; includeInIndex = 0; path = QuranicJarNative.app; sourceTree = BUILT_PRODUCTS_DIR; };
		9F2DB2E52D9EB9BA00317604 /* QuranicJarNativeTests.xctest */ = {isa = PBXFileReference; explicitFileType = wrapper.cfbundle; includeInIndex = 0; path = QuranicJarNativeTests.xctest; sourceTree = BUILT_PRODUCTS_DIR; };
		9F2DB2EF2D9EB9BA00317604 /* QuranicJarNativeUITests.xctest */ = {isa = PBXFileReference; explicitFileType = wrapper.cfbundle; includeInIndex = 0; path = QuranicJarNativeUITests.xctest; sourceTree = BUILT_PRODUCTS_DIR; };
		9F2DB3112D9EBA8700317604 /* quran_emotions_cleaned_2.csv */ = {isa = PBXFileReference; lastKnownFileType = text; path = quran_emotions_cleaned_2.csv; sourceTree = "<group>"; };
/* End PBXFileReference section */

/* Begin PBXFileSystemSynchronizedRootGroup section */
		9F2DB2D72D9EB9B900317604 /* QuranicJarNative */ = {
			isa = PBXFileSystemSynchronizedRootGroup;
			path = QuranicJarNative;
			sourceTree = "<group>";
		};
		9F2DB2E82D9EB9BA00317604 /* QuranicJarNativeTests */ = {
			isa = PBXFileSystemSynchronizedRootGroup;
			path = QuranicJarNativeTests;
			sourceTree = "<group>";
		};
		9F2DB2F22D9EB9BA00317604 /* QuranicJarNativeUITests */ = {
			isa = PBXFileSystemSynchronizedRootGroup;
			path = QuranicJarNativeUITests;
			sourceTree = "<group>";
		};
/* End PBXFileSystemSynchronizedRootGroup section */

/* Begin PBXFrameworksBuildPhase section */
		9F2DB2D22D9EB9B900317604 /* Frameworks */ = {
			isa = PBXFrameworksBuildPhase;
			buildActionMask = 2147483647;
			files = (
			);
			runOnlyForDeploymentPostprocessing = 0;
		};
		9F2DB2E22D9EB9BA00317604 /* Frameworks */ = {
			isa = PBXFrameworksBuildPhase;
			buildActionMask = 2147483647;
			files = (
			);
			runOnlyForDeploymentPostprocessing = 0;
		};
		9F2DB2EC2D9EB9BA00317604 /* Frameworks */ = {
			isa = PBXFrameworksBuildPhase;
			buildActionMask = 2147483647;
			files = (
			);
			runOnlyForDeploymentPostprocessing = 0;
		};
/* End PBXFrameworksBuildPhase section */

/* Begin PBXGroup section */
		9F2DB2CC2D9EB9B900317604 = {
			isa = PBXGroup;
			children = (
				9F2DB2D72D9EB9B900317604 /* QuranicJarNative */,
				9F2DB2E82D9EB9BA00317604 /* QuranicJarNativeTests */,
				9F2DB2F22D9EB9BA00317604 /* QuranicJarNativeUITests */,
				9F2DB2D62D9EB9B900317604 /* Products */,
				9F2DB3112D9EBA8700317604 /* quran_emotions_cleaned_2.csv */,
			);
			sourceTree = "<group>";
		};
		9F2DB2D62D9EB9B900317604 /* Products */ = {
			isa = PBXGroup;
			children = (
				9F2DB2D52D9EB9B900317604 /* QuranicJarNative.app */,
				9F2DB2E52D9EB9BA00317604 /* QuranicJarNativeTests.xctest */,
				9F2DB2EF2D9EB9BA00317604 /* QuranicJarNativeUITests.xctest */,
			);
			name = Products;
			sourceTree = "<group>";
		};
/* End PBXGroup section */

/* Begin PBXNativeTarget section */
		9F2DB2D42D9EB9B900317604 /* QuranicJarNative */ = {
			isa = PBXNativeTarget;
			buildConfigurationList = 9F2DB2F92D9EB9BA00317604 /* Build configuration list for PBXNativeTarget "QuranicJarNative" */;
			buildPhases = (
				9F2DB2D12D9EB9B900317604 /* Sources */,
				9F2DB2D22D9EB9B900317604 /* Frameworks */,
				9F2DB2D32D9EB9B900317604 /* Resources */,
			);
			buildRules = (
			);
			dependencies = (
			);
			fileSystemSynchronizedGroups = (
				9F2DB2D72D9EB9B900317604 /* QuranicJarNative */,
			);
			name = QuranicJarNative;
			packageProductDependencies = (
			);
			productName = QuranicJarNative;
			productReference = 9F2DB2D52D9EB9B900317604 /* QuranicJarNative.app */;
			productType = "com.apple.product-type.application";
		};
		9F2DB2E42D9EB9BA00317604 /* QuranicJarNativeTests */ = {
			isa = PBXNativeTarget;
			buildConfigurationList = 9F2DB2FC2D9EB9BA00317604 /* Build configuration list for PBXNativeTarget "QuranicJarNativeTests" */;
			buildPhases = (
				9F2DB2E12D9EB9BA00317604 /* Sources */,
				9F2DB2E22D9EB9BA00317604 /* Frameworks */,
				9F2DB2E32D9EB9BA00317604 /* Resources */,
			);
			buildRules = (
			);
			dependencies = (
				9F2DB2E72D9EB9BA00317604 /* PBXTargetDependency */,
			);
			fileSystemSynchronizedGroups = (
				9F2DB2E82D9EB9BA00317604 /* QuranicJarNativeTests */,
			);
			name = QuranicJarNativeTests;
			packageProductDependencies = (
			);
			productName = QuranicJarNativeTests;
			productReference = 9F2DB2E52D9EB9BA00317604 /* QuranicJarNativeTests.xctest */;
			productType = "com.apple.product-type.bundle.unit-test";
		};
		9F2DB2EE2D9EB9BA00317604 /* QuranicJarNativeUITests */ = {
			isa = PBXNativeTarget;
			buildConfigurationList = 9F2DB2FF2D9EB9BA00317604 /* Build configuration list for PBXNativeTarget "QuranicJarNativeUITests" */;
			buildPhases = (
				9F2DB2EB2D9EB9BA00317604 /* Sources */,
				9F2DB2EC2D9EB9BA00317604 /* Frameworks */,
				9F2DB2ED2D9EB9BA00317604 /* Resources */,
			);
			buildRules = (
			);
			dependencies = (
				9F2DB2F12D9EB9BA00317604 /* PBXTargetDependency */,
			);
			fileSystemSynchronizedGroups = (
				9F2DB2F22D9EB9BA00317604 /* QuranicJarNativeUITests */,
			);
			name = QuranicJarNativeUITests;
			packageProductDependencies = (
			);
			productName = QuranicJarNativeUITests;
			productReference = 9F2DB2EF2D9EB9BA00317604 /* QuranicJarNativeUITests.xctest */;
			productType = "com.apple.product-type.bundle.ui-testing";
		};
/* End PBXNativeTarget section */

/* Begin PBXProject section */
		9F2DB2CD2D9EB9B900317604 /* Project object */ = {
			isa = PBXProject;
			attributes = {
				BuildIndependentTargetsInParallel = 1;
				LastSwiftUpdateCheck = 1620;
				LastUpgradeCheck = 1620;
				TargetAttributes = {
					9F2DB2D42D9EB9B900317604 = {
						CreatedOnToolsVersion = 16.2;
					};
					9F2DB2E42D9EB9BA00317604 = {
						CreatedOnToolsVersion = 16.2;
						TestTargetID = 9F2DB2D42D9EB9B900317604;
					};
					9F2DB2EE2D9EB9BA00317604 = {
						CreatedOnToolsVersion = 16.2;
						TestTargetID = 9F2DB2D42D9EB9B900317604;
					};
				};
			};
			buildConfigurationList = 9F2DB2D02D9EB9B900317604 /* Build configuration list for PBXProject "QuranicJarNative" */;
			developmentRegion = en;
			hasScannedForEncodings = 0;
			knownRegions = (
				en,
				Base,
			);
			mainGroup = 9F2DB2CC2D9EB9B900317604;
			minimizedProjectReferenceProxies = 1;
			preferredProjectObjectVersion = 77;
			productRefGroup = 9F2DB2D62D9EB9B900317604 /* Products */;
			projectDirPath = "";
			projectRoot = "";
			targets = (
				9F2DB2D42D9EB9B900317604 /* QuranicJarNative */,
				9F2DB2E42D9EB9BA00317604 /* QuranicJarNativeTests */,
				9F2DB2EE2D9EB9BA00317604 /* QuranicJarNativeUITests */,
			);
		};
/* End PBXProject section */

/* Begin PBXResourcesBuildPhase section */
		9F2DB2D32D9EB9B900317604 /* Resources */ = {
			isa = PBXResourcesBuildPhase;
			buildActionMask = 2147483647;
			files = (
				9F2DB3122D9EBA8700317604 /* quran_emotions_cleaned_2.csv in Resources */,
			);
			runOnlyForDeploymentPostprocessing = 0;
		};
		9F2DB2E32D9EB9BA00317604 /* Resources */ = {
			isa = PBXResourcesBuildPhase;
			buildActionMask = 2147483647;
			files = (
			);
			runOnlyForDeploymentPostprocessing = 0;
		};
		9F2DB2ED2D9EB9BA00317604 /* Resources */ = {
			isa = PBXResourcesBuildPhase;
			buildActionMask = 2147483647;
			files = (
			);
			runOnlyForDeploymentPostprocessing = 0;
		};
/* End PBXResourcesBuildPhase section */

/* Begin PBXSourcesBuildPhase section */
		9F2DB2D12D9EB9B900317604 /* Sources */ = {
			isa = PBXSourcesBuildPhase;
			buildActionMask = 2147483647;
			files = (
			);
			runOnlyForDeploymentPostprocessing = 0;
		};
		9F2DB2E12D9EB9BA00317604 /* Sources */ = {
			isa = PBXSourcesBuildPhase;
			buildActionMask = 2147483647;
			files = (
			);
			runOnlyForDeploymentPostprocessing = 0;
		};
		9F2DB2EB2D9EB9BA00317604 /* Sources */ = {
			isa = PBXSourcesBuildPhase;
			buildActionMask = 2147483647;
			files = (
			);
			runOnlyForDeploymentPostprocessing = 0;
		};
/* End PBXSourcesBuildPhase section */

/* Begin PBXTargetDependency section */
		9F2DB2E72D9EB9BA00317604 /* PBXTargetDependency */ = {
			isa = PBXTargetDependency;
			target = 9F2DB2D42D9EB9B900317604 /* QuranicJarNative */;
			targetProxy = 9F2DB2E62D9EB9BA00317604 /* PBXContainerItemProxy */;
		};
		9F2DB2F12D9EB9BA00317604 /* PBXTargetDependency */ = {
			isa = PBXTargetDependency;
			target = 9F2DB2D42D9EB9B900317604 /* QuranicJarNative */;
			targetProxy = 9F2DB2F02D9EB9BA00317604 /* PBXContainerItemProxy */;
		};
/* End PBXTargetDependency section */

/* Begin XCBuildConfiguration section */
		9F2DB2F72D9EB9BA00317604 /* Debug */ = {
			isa = XCBuildConfiguration;
			buildSettings = {
				ALWAYS_SEARCH_USER_PATHS = NO;
				ASSETCATALOG_COMPILER_GENERATE_SWIFT_ASSET_SYMBOL_EXTENSIONS = YES;
				CLANG_ANALYZER_NONNULL = YES;
				CLANG_ANALYZER_NUMBER_OBJECT_CONVERSION = YES_AGGRESSIVE;
				CLANG_CXX_LANGUAGE_STANDARD = "gnu++20";
				CLANG_ENABLE_MODULES = YES;
				CLANG_ENABLE_OBJC_ARC = YES;
				CLANG_ENABLE_OBJC_WEAK = YES;
				CLANG_WARN_BLOCK_CAPTURE_AUTORELEASING = YES;
				CLANG_WARN_BOOL_CONVERSION = YES;
				CLANG_WARN_COMMA = YES;
				CLANG_WARN_CONSTANT_CONVERSION = YES;
				CLANG_WARN_DEPRECATED_OBJC_IMPLEMENTATIONS = YES;
				CLANG_WARN_DIRECT_OBJC_ISA_USAGE = YES_ERROR;
				CLANG_WARN_DOCUMENTATION_COMMENTS = YES;
				CLANG_WARN_EMPTY_BODY = YES;
				CLANG_WARN_ENUM_CONVERSION = YES;
				CLANG_WARN_INFINITE_RECURSION = YES;
				CLANG_WARN_INT_CONVERSION = YES;
				CLANG_WARN_NON_LITERAL_NULL_CONVERSION = YES;
				CLANG_WARN_OBJC_IMPLICIT_RETAIN_SELF = YES;
				CLANG_WARN_OBJC_LITERAL_CONVERSION = YES;
				CLANG_WARN_OBJC_ROOT_CLASS = YES_ERROR;
				CLANG_WARN_QUOTED_INCLUDE_IN_FRAMEWORK_HEADER = YES;
				CLANG_WARN_RANGE_LOOP_ANALYSIS = YES;
				CLANG_WARN_STRICT_PROTOTYPES = YES;
				CLANG_WARN_SUSPICIOUS_MOVE = YES;
				CLANG_WARN_UNGUARDED_AVAILABILITY = YES_AGGRESSIVE;
				CLANG_WARN_UNREACHABLE_CODE = YES;
				CLANG_WARN__DUPLICATE_METHOD_MATCH = YES;
				COPY_PHASE_STRIP = NO;
				DEBUG_INFORMATION_FORMAT = dwarf;
				ENABLE_STRICT_OBJC_MSGSEND = YES;
				ENABLE_TESTABILITY = YES;
				ENABLE_USER_SCRIPT_SANDBOXING = YES;
				GCC_C_LANGUAGE_STANDARD = gnu17;
				GCC_DYNAMIC_NO_PIC = NO;
				GCC_NO_COMMON_BLOCKS = YES;
				GCC_OPTIMIZATION_LEVEL = 0;
				GCC_PREPROCESSOR_DEFINITIONS = (
					"DEBUG=1",
					"$(inherited)",
				);
				GCC_WARN_64_TO_32_BIT_CONVERSION = YES;
				GCC_WARN_ABOUT_RETURN_TYPE = YES_ERROR;
				GCC_WARN_UNDECLARED_SELECTOR = YES;
				GCC_WARN_UNINITIALIZED_AUTOS = YES_AGGRESSIVE;
				GCC_WARN_UNUSED_FUNCTION = YES;
				GCC_WARN_UNUSED_VARIABLE = YES;
				IPHONEOS_DEPLOYMENT_TARGET = 18.2;
				LOCALIZATION_PREFERS_STRING_CATALOGS = YES;
				MTL_ENABLE_DEBUG_INFO = INCLUDE_SOURCE;
				MTL_FAST_MATH = YES;
				ONLY_ACTIVE_ARCH = YES;
				SDKROOT = iphoneos;
				SWIFT_ACTIVE_COMPILATION_CONDITIONS = "DEBUG $(inherited)";
				SWIFT_OPTIMIZATION_LEVEL = "-Onone";
			};
			name = Debug;
		};
		9F2DB2F82D9EB9BA00317604 /* Release */ = {
			isa = XCBuildConfiguration;
			buildSettings = {
				ALWAYS_SEARCH_USER_PATHS = NO;
				ASSETCATALOG_COMPILER_GENERATE_SWIFT_ASSET_SYMBOL_EXTENSIONS = YES;
				CLANG_ANALYZER_NONNULL = YES;
				CLANG_ANALYZER_NUMBER_OBJECT_CONVERSION = YES_AGGRESSIVE;
				CLANG_CXX_LANGUAGE_STANDARD = "gnu++20";
				CLANG_ENABLE_MODULES = YES;
				CLANG_ENABLE_OBJC_ARC = YES;
				CLANG_ENABLE_OBJC_WEAK = YES;
				CLANG_WARN_BLOCK_CAPTURE_AUTORELEASING = YES;
				CLANG_WARN_BOOL_CONVERSION = YES;
				CLANG_WARN_COMMA = YES;
				CLANG_WARN_CONSTANT_CONVERSION = YES;
				CLANG_WARN_DEPRECATED_OBJC_IMPLEMENTATIONS = YES;
				CLANG_WARN_DIRECT_OBJC_ISA_USAGE = YES_ERROR;
				CLANG_WARN_DOCUMENTATION_COMMENTS = YES;
				CLANG_WARN_EMPTY_BODY = YES;
				CLANG_WARN_ENUM_CONVERSION = YES;
				CLANG_WARN_INFINITE_RECURSION = YES;
				CLANG_WARN_INT_CONVERSION = YES;
				CLANG_WARN_NON_LITERAL_NULL_CONVERSION = YES;
				CLANG_WARN_OBJC_IMPLICIT_RETAIN_SELF = YES;
				CLANG_WARN_OBJC_LITERAL_CONVERSION = YES;
				CLANG_WARN_OBJC_ROOT_CLASS = YES_ERROR;
				CLANG_WARN_QUOTED_INCLUDE_IN_FRAMEWORK_HEADER = YES;
				CLANG_WARN_RANGE_LOOP_ANALYSIS = YES;
				CLANG_WARN_STRICT_PROTOTYPES = YES;
				CLANG_WARN_SUSPICIOUS_MOVE = YES;
				CLANG_WARN_UNGUARDED_AVAILABILITY = YES_AGGRESSIVE;
				CLANG_WARN_UNREACHABLE_CODE = YES;
				CLANG_WARN__DUPLICATE_METHOD_MATCH = YES;
				COPY_PHASE_STRIP = NO;
				DEBUG_INFORMATION_FORMAT = "dwarf-with-dsym";
				ENABLE_NS_ASSERTIONS = NO;
				ENABLE_STRICT_OBJC_MSGSEND = YES;
				ENABLE_USER_SCRIPT_SANDBOXING = YES;
				GCC_C_LANGUAGE_STANDARD = gnu17;
				GCC_NO_COMMON_BLOCKS = YES;
				GCC_WARN_64_TO_32_BIT_CONVERSION = YES;
				GCC_WARN_ABOUT_RETURN_TYPE = YES_ERROR;
				GCC_WARN_UNDECLARED_SELECTOR = YES;
				GCC_WARN_UNINITIALIZED_AUTOS = YES_AGGRESSIVE;
				GCC_WARN_UNUSED_FUNCTION = YES;
				GCC_WARN_UNUSED_VARIABLE = YES;
				IPHONEOS_DEPLOYMENT_TARGET = 18.2;
				LOCALIZATION_PREFERS_STRING_CATALOGS = YES;
				MTL_ENABLE_DEBUG_INFO = NO;
				MTL_FAST_MATH = YES;
				SDKROOT = iphoneos;
				SWIFT_COMPILATION_MODE = wholemodule;
				VALIDATE_PRODUCT = YES;
			};
			name = Release;
		};
		9F2DB2FA2D9EB9BA00317604 /* Debug */ = {
			isa = XCBuildConfiguration;
			buildSettings = {
				ASSETCATALOG_COMPILER_APPICON_NAME = AppIcon;
				ASSETCATALOG_COMPILER_GLOBAL_ACCENT_COLOR_NAME = AccentColor;
				CODE_SIGN_STYLE = Automatic;
				CURRENT_PROJECT_VERSION = 1;
				DEVELOPMENT_ASSET_PATHS = "\"QuranicJarNative/Preview Content\"";
				DEVELOPMENT_TEAM = 3CTYQ7VUJ4;
				ENABLE_PREVIEWS = YES;
				GENERATE_INFOPLIST_FILE = YES;
				INFOPLIST_KEY_UIApplicationSceneManifest_Generation = YES;
				INFOPLIST_KEY_UIApplicationSupportsIndirectInputEvents = YES;
				INFOPLIST_KEY_UILaunchScreen_Generation = YES;
				INFOPLIST_KEY_UISupportedInterfaceOrientations_iPad = "UIInterfaceOrientationPortrait UIInterfaceOrientationPortraitUpsideDown UIInterfaceOrientationLandscapeLeft UIInterfaceOrientationLandscapeRight";
				INFOPLIST_KEY_UISupportedInterfaceOrientations_iPhone = "UIInterfaceOrientationPortrait UIInterfaceOrientationLandscapeLeft UIInterfaceOrientationLandscapeRight";
				LD_RUNPATH_SEARCH_PATHS = (
					"$(inherited)",
					"@executable_path/Frameworks",
				);
				MARKETING_VERSION = 1.0;
				PRODUCT_BUNDLE_IDENTIFIER = fakhrul.QuranicJarNative;
				PRODUCT_NAME = "$(TARGET_NAME)";
				SWIFT_EMIT_LOC_STRINGS = YES;
				SWIFT_VERSION = 5.0;
				TARGETED_DEVICE_FAMILY = "1,2";
			};
			name = Debug;
		};
		9F2DB2FB2D9EB9BA00317604 /* Release */ = {
			isa = XCBuildConfiguration;
			buildSettings = {
				ASSETCATALOG_COMPILER_APPICON_NAME = AppIcon;
				ASSETCATALOG_COMPILER_GLOBAL_ACCENT_COLOR_NAME = AccentColor;
				CODE_SIGN_STYLE = Automatic;
				CURRENT_PROJECT_VERSION = 1;
				DEVELOPMENT_ASSET_PATHS = "\"QuranicJarNative/Preview Content\"";
				DEVELOPMENT_TEAM = 3CTYQ7VUJ4;
				ENABLE_PREVIEWS = YES;
				GENERATE_INFOPLIST_FILE = YES;
				INFOPLIST_KEY_UIApplicationSceneManifest_Generation = YES;
				INFOPLIST_KEY_UIApplicationSupportsIndirectInputEvents = YES;
				INFOPLIST_KEY_UILaunchScreen_Generation = YES;
				INFOPLIST_KEY_UISupportedInterfaceOrientations_iPad = "UIInterfaceOrientationPortrait UIInterfaceOrientationPortraitUpsideDown UIInterfaceOrientationLandscapeLeft UIInterfaceOrientationLandscapeRight";
				INFOPLIST_KEY_UISupportedInterfaceOrientations_iPhone = "UIInterfaceOrientationPortrait UIInterfaceOrientationLandscapeLeft UIInterfaceOrientationLandscapeRight";
				LD_RUNPATH_SEARCH_PATHS = (
					"$(inherited)",
					"@executable_path/Frameworks",
				);
				MARKETING_VERSION = 1.0;
				PRODUCT_BUNDLE_IDENTIFIER = fakhrul.QuranicJarNative;
				PRODUCT_NAME = "$(TARGET_NAME)";
				SWIFT_EMIT_LOC_STRINGS = YES;
				SWIFT_VERSION = 5.0;
				TARGETED_DEVICE_FAMILY = "1,2";
			};
			name = Release;
		};
		9F2DB2FD2D9EB9BA00317604 /* Debug */ = {
			isa = XCBuildConfiguration;
			buildSettings = {
				BUNDLE_LOADER = "$(TEST_HOST)";
				CODE_SIGN_STYLE = Automatic;
				CURRENT_PROJECT_VERSION = 1;
				DEVELOPMENT_TEAM = 3CTYQ7VUJ4;
				GENERATE_INFOPLIST_FILE = YES;
				IPHONEOS_DEPLOYMENT_TARGET = 18.2;
				MARKETING_VERSION = 1.0;
				PRODUCT_BUNDLE_IDENTIFIER = fakhrul.QuranicJarNativeTests;
				PRODUCT_NAME = "$(TARGET_NAME)";
				SWIFT_EMIT_LOC_STRINGS = NO;
				SWIFT_VERSION = 5.0;
				TARGETED_DEVICE_FAMILY = "1,2";
				TEST_HOST = "$(BUILT_PRODUCTS_DIR)/QuranicJarNative.app/$(BUNDLE_EXECUTABLE_FOLDER_PATH)/QuranicJarNative";
			};
			name = Debug;
		};
		9F2DB2FE2D9EB9BA00317604 /* Release */ = {
			isa = XCBuildConfiguration;
			buildSettings = {
				BUNDLE_LOADER = "$(TEST_HOST)";
				CODE_SIGN_STYLE = Automatic;
				CURRENT_PROJECT_VERSION = 1;
				DEVELOPMENT_TEAM = 3CTYQ7VUJ4;
				GENERATE_INFOPLIST_FILE = YES;
				IPHONEOS_DEPLOYMENT_TARGET = 18.2;
				MARKETING_VERSION = 1.0;
				PRODUCT_BUNDLE_IDENTIFIER = fakhrul.QuranicJarNativeTests;
				PRODUCT_NAME = "$(TARGET_NAME)";
				SWIFT_EMIT_LOC_STRINGS = NO;
				SWIFT_VERSION = 5.0;
				TARGETED_DEVICE_FAMILY = "1,2";
				TEST_HOST = "$(BUILT_PRODUCTS_DIR)/QuranicJarNative.app/$(BUNDLE_EXECUTABLE_FOLDER_PATH)/QuranicJarNative";
			};
			name = Release;
		};
		9F2DB3002D9EB9BA00317604 /* Debug */ = {
			isa = XCBuildConfiguration;
			buildSettings = {
				CODE_SIGN_STYLE = Automatic;
				CURRENT_PROJECT_VERSION = 1;
				DEVELOPMENT_TEAM = 3CTYQ7VUJ4;
				GENERATE_INFOPLIST_FILE = YES;
				MARKETING_VERSION = 1.0;
				PRODUCT_BUNDLE_IDENTIFIER = fakhrul.QuranicJarNativeUITests;
				PRODUCT_NAME = "$(TARGET_NAME)";
				SWIFT_EMIT_LOC_STRINGS = NO;
				SWIFT_VERSION = 5.0;
				TARGETED_DEVICE_FAMILY = "1,2";
				TEST_TARGET_NAME = QuranicJarNative;
			};
			name = Debug;
		};
		9F2DB3012D9EB9BA00317604 /* Release */ = {
			isa = XCBuildConfiguration;
			buildSettings = {
				CODE_SIGN_STYLE = Automatic;
				CURRENT_PROJECT_VERSION = 1;
				DEVELOPMENT_TEAM = 3CTYQ7VUJ4;
				GENERATE_INFOPLIST_FILE = YES;
				MARKETING_VERSION = 1.0;
				PRODUCT_BUNDLE_IDENTIFIER = fakhrul.QuranicJarNativeUITests;
				PRODUCT_NAME = "$(TARGET_NAME)";
				SWIFT_EMIT_LOC_STRINGS = NO;
				SWIFT_VERSION = 5.0;
				TARGETED_DEVICE_FAMILY = "1,2";
				TEST_TARGET_NAME = QuranicJarNative;
			};
			name = Release;
		};
/* End XCBuildConfiguration section */

/* Begin XCConfigurationList section */
		9F2DB2D02D9EB9B900317604 /* Build configuration list for PBXProject "QuranicJarNative" */ = {
			isa = XCConfigurationList;
			buildConfigurations = (
				9F2DB2F72D9EB9BA00317604 /* Debug */,
				9F2DB2F82D9EB9BA00317604 /* Release */,
			);
			defaultConfigurationIsVisible = 0;
			defaultConfigurationName = Release;
		};
		9F2DB2F92D9EB9BA00317604 /* Build configuration list for PBXNativeTarget "QuranicJarNative" */ = {
			isa = XCConfigurationList;
			buildConfigurations = (
				9F2DB2FA2D9EB9BA00317604 /* Debug */,
				9F2DB2FB2D9EB9BA00317604 /* Release */,
			);
			defaultConfigurationIsVisible = 0;
			defaultConfigurationName = Release;
		};
		9F2DB2FC2D9EB9BA00317604 /* Build configuration list for PBXNativeTarget "QuranicJarNativeTests" */ = {
			isa = XCConfigurationList;
			buildConfigurations = (
				9F2DB2FD2D9EB9BA00317604 /* Debug */,
				9F2DB2FE2D9EB9BA00317604 /* Release */,
			);
			defaultConfigurationIsVisible = 0;
			defaultConfigurationName = Release;
		};
		9F2DB2FF2D9EB9BA00317604 /* Build configuration list for PBXNativeTarget "QuranicJarNativeUITests" */ = {
			isa = XCConfigurationList;
			buildConfigurations = (
				9F2DB3002D9EB9BA00317604 /* Debug */,
				9F2DB3012D9EB9BA00317604 /* Release */,
			);
			defaultConfigurationIsVisible = 0;
			defaultConfigurationName = Release;
		};
/* End XCConfigurationList section */
	};
	rootObject = 9F2DB2CD2D9EB9B900317604 /* Project object */;
}
